// !$*UTF8*$!
{
	archiveVersion = 1;
	classes = {
	};
	objectVersion = 50;
	objects = {

/* Begin PBXBuildFile section */
		2A452BF4214A632300FBA7AD /* AppDelegate.swift in Sources */ = {isa = PBXBuildFile; fileRef = 2A452BF3214A632300FBA7AD /* AppDelegate.swift */; };
		2A452BF6214A632300FBA7AD /* ViewController.swift in Sources */ = {isa = PBXBuildFile; fileRef = 2A452BF5214A632300FBA7AD /* ViewController.swift */; };
		2A452BF9214A632300FBA7AD /* Main.storyboard in Resources */ = {isa = PBXBuildFile; fileRef = 2A452BF7214A632300FBA7AD /* Main.storyboard */; };
		2A452BFB214A632400FBA7AD /* Assets.xcassets in Resources */ = {isa = PBXBuildFile; fileRef = 2A452BFA214A632400FBA7AD /* Assets.xcassets */; };
		2A452BFE214A632400FBA7AD /* LaunchScreen.storyboard in Resources */ = {isa = PBXBuildFile; fileRef = 2A452BFC214A632400FBA7AD /* LaunchScreen.storyboard */; };
		2AE8D206214A915200E9208A /* ZYCarouselView.swift in Sources */ = {isa = PBXBuildFile; fileRef = 2AE8D205214A915200E9208A /* ZYCarouselView.swift */; };
/* End PBXBuildFile section */

/* Begin PBXFileReference section */
		2A452BF0214A632300FBA7AD /* ZYCarouselView.app */ = {isa = PBXFileReference; explicitFileType = wrapper.application; includeInIndex = 0; path = ZYCarouselView.app; sourceTree = BUILT_PRODUCTS_DIR; };
		2A452BF3214A632300FBA7AD /* AppDelegate.swift */ = {isa = PBXFileReference; lastKnownFileType = sourcecode.swift; path = AppDelegate.swift; sourceTree = "<group>"; };
		2A452BF5214A632300FBA7AD /* ViewController.swift */ = {isa = PBXFileReference; lastKnownFileType = sourcecode.swift; path = ViewController.swift; sourceTree = "<group>"; };
		2A452BF8214A632300FBA7AD /* Base */ = {isa = PBXFileReference; lastKnownFileType = file.storyboard; name = Base; path = Base.lproj/Main.storyboard; sourceTree = "<group>"; };
		2A452BFA214A632400FBA7AD /* Assets.xcassets */ = {isa = PBXFileReference; lastKnownFileType = folder.assetcatalog; path = Assets.xcassets; sourceTree = "<group>"; };
		2A452BFD214A632400FBA7AD /* Base */ = {isa = PBXFileReference; lastKnownFileType = file.storyboard; name = Base; path = Base.lproj/LaunchScreen.storyboard; sourceTree = "<group>"; };
		2A452BFF214A632400FBA7AD /* Info.plist */ = {isa = PBXFileReference; lastKnownFileType = text.plist.xml; path = Info.plist; sourceTree = "<group>"; };
		2AE8D205214A915200E9208A /* ZYCarouselView.swift */ = {isa = PBXFileReference; fileEncoding = 4; lastKnownFileType = sourcecode.swift; path = ZYCarouselView.swift; sourceTree = "<group>"; };
/* End PBXFileReference section */

/* Begin PBXFrameworksBuildPhase section */
		2A452BED214A632300FBA7AD /* Frameworks */ = {
			isa = PBXFrameworksBuildPhase;
			buildActionMask = 2147483647;
			files = (
			);
			runOnlyForDeploymentPostprocessing = 0;
		};
/* End PBXFrameworksBuildPhase section */

/* Begin PBXGroup section */
		2A452BE7214A632300FBA7AD = {
			isa = PBXGroup;
			children = (
				2A452BF2214A632300FBA7AD /* ZYCarouselView */,
				2A452BF1214A632300FBA7AD /* Products */,
			);
			sourceTree = "<group>";
		};
		2A452BF1214A632300FBA7AD /* Products */ = {
			isa = PBXGroup;
			children = (
				2A452BF0214A632300FBA7AD /* ZYCarouselView.app */,
			);
			name = Products;
			sourceTree = "<group>";
		};
		2A452BF2214A632300FBA7AD /* ZYCarouselView */ = {
			isa = PBXGroup;
			children = (
				2AE8D205214A915200E9208A /* ZYCarouselView.swift */,
				2A452BF3214A632300FBA7AD /* AppDelegate.swift */,
				2A452BF5214A632300FBA7AD /* ViewController.swift */,
				2A452BF7214A632300FBA7AD /* Main.storyboard */,
				2A452BFA214A632400FBA7AD /* Assets.xcassets */,
				2A452BFC214A632400FBA7AD /* LaunchScreen.storyboard */,
				2A452BFF214A632400FBA7AD /* Info.plist */,
			);
			path = ZYCarouselView;
			sourceTree = "<group>";
		};
/* End PBXGroup section */

/* Begin PBXNativeTarget section */
		2A452BEF214A632300FBA7AD /* ZYCarouselView */ = {
			isa = PBXNativeTarget;
			buildConfigurationList = 2A452C02214A632400FBA7AD /* Build configuration list for PBXNativeTarget "ZYCarouselView" */;
			buildPhases = (
				2A452BEC214A632300FBA7AD /* Sources */,
				2A452BED214A632300FBA7AD /* Frameworks */,
				2A452BEE214A632300FBA7AD /* Resources */,
			);
			buildRules = (
			);
			dependencies = (
			);
			name = ZYCarouselView;
			productName = ZYCarouselView;
			productReference = 2A452BF0214A632300FBA7AD /* ZYCarouselView.app */;
			productType = "com.apple.product-type.application";
		};
/* End PBXNativeTarget section */

/* Begin PBXProject section */
		2A452BE8214A632300FBA7AD /* Project object */ = {
			isa = PBXProject;
			attributes = {
				LastSwiftUpdateCheck = 0940;
				LastUpgradeCheck = 0940;
				ORGANIZATIONNAME = zhangyu;
				TargetAttributes = {
					2A452BEF214A632300FBA7AD = {
						CreatedOnToolsVersion = 9.4;
					};
				};
			};
			buildConfigurationList = 2A452BEB214A632300FBA7AD /* Build configuration list for PBXProject "ZYCarouselView" */;
			compatibilityVersion = "Xcode 9.3";
			developmentRegion = en;
			hasScannedForEncodings = 0;
			knownRegions = (
				en,
				Base,
			);
			mainGroup = 2A452BE7214A632300FBA7AD;
			productRefGroup = 2A452BF1214A632300FBA7AD /* Products */;
			projectDirPath = "";
			projectRoot = "";
			targets = (
				2A452BEF214A632300FBA7AD /* ZYCarouselView */,
			);
		};
/* End PBXProject section */

/* Begin PBXResourcesBuildPhase section */
		2A452BEE214A632300FBA7AD /* Resources */ = {
			isa = PBXResourcesBuildPhase;
			buildActionMask = 2147483647;
			files = (
				2A452BFE214A632400FBA7AD /* LaunchScreen.storyboard in Resources */,
				2A452BFB214A632400FBA7AD /* Assets.xcassets in Resources */,
				2A452BF9214A632300FBA7AD /* Main.storyboard in Resources */,
			);
			runOnlyForDeploymentPostprocessing = 0;
		};
/* End PBXResourcesBuildPhase section */

/* Begin PBXSourcesBuildPhase section */
		2A452BEC214A632300FBA7AD /* Sources */ = {
			isa = PBXSourcesBuildPhase;
			buildActionMask = 2147483647;
			files = (
				2AE8D206214A915200E9208A /* ZYCarouselView.swift in Sources */,
				2A452BF6214A632300FBA7AD /* ViewController.swift in Sources */,
				2A452BF4214A632300FBA7AD /* AppDelegate.swift in Sources */,
			);
			runOnlyForDeploymentPostprocessing = 0;
		};
/* End PBXSourcesBuildPhase section */

/* Begin PBXVariantGroup section */
		2A452BF7214A632300FBA7AD /* Main.storyboard */ = {
			isa = PBXVariantGroup;
			children = (
				2A452BF8214A632300FBA7AD /* Base */,
			);
			name = Main.storyboard;
			sourceTree = "<group>";
		};
		2A452BFC214A632400FBA7AD /* LaunchScreen.storyboard */ = {
			isa = PBXVariantGroup;
			children = (
				2A452BFD214A632400FBA7AD /* Base */,
			);
			name = LaunchScreen.storyboard;
			sourceTree = "<group>";
		};
/* End PBXVariantGroup section */

/* Begin XCBuildConfiguration section */
		2A452C00214A632400FBA7AD /* Debug */ = {
			isa = XCBuildConfiguration;
			buildSettings = {
				ALWAYS_SEARCH_USER_PATHS = NO;
				CLANG_ANALYZER_NONNULL = YES;
				CLANG_ANALYZER_NUMBER_OBJECT_CONVERSION = YES_AGGRESSIVE;
				CLANG_CXX_LANGUAGE_STANDARD = "gnu++14";
				CLANG_CXX_LIBRARY = "libc++";
				CLANG_ENABLE_MODULES = YES;
				CLANG_ENABLE_OBJC_ARC = YES;
				CLANG_ENABLE_OBJC_WEAK = YES;
				CLANG_WARN_BLOCK_CAPTURE_AUTORELEASING = YES;
				CLANG_WARN_BOOL_CONVERSION = YES;
				CLANG_WARN_COMMA = YES;
				CLANG_WARN_CONSTANT_CONVERSION = YES;
				CLANG_WARN_DEPRECATED_OBJC_IMPLEMENTATIONS = YES;
				CLANG_WARN_DIRECT_OBJC_ISA_USAGE = YES_ERROR;
				CLANG_WARN_DOCUMENTATION_COMMENTS = YES;
				CLANG_WARN_EMPTY_BODY = YES;
				CLANG_WARN_ENUM_CONVERSION = YES;
				CLANG_WARN_INFINITE_RECURSION = YES;
				CLANG_WARN_INT_CONVERSION = YES;
				CLANG_WARN_NON_LITERAL_NULL_CONVERSION = YES;
				CLANG_WARN_OBJC_IMPLICIT_RETAIN_SELF = YES;
				CLANG_WARN_OBJC_LITERAL_CONVERSION = YES;
				CLANG_WARN_OBJC_ROOT_CLASS = YES_ERROR;
				CLANG_WARN_RANGE_LOOP_ANALYSIS = YES;
				CLANG_WARN_STRICT_PROTOTYPES = YES;
				CLANG_WARN_SUSPICIOUS_MOVE = YES;
				CLANG_WARN_UNGUARDED_AVAILABILITY = YES_AGGRESSIVE;
				CLANG_WARN_UNREACHABLE_CODE = YES;
				CLANG_WARN__DUPLICATE_METHOD_MATCH = YES;
				CODE_SIGN_IDENTITY = "iPhone Developer";
				COPY_PHASE_STRIP = NO;
				DEBUG_INFORMATION_FORMAT = dwarf;
				ENABLE_STRICT_OBJC_MSGSEND = YES;
				ENABLE_TESTABILITY = YES;
				GCC_C_LANGUAGE_STANDARD = gnu11;
				GCC_DYNAMIC_NO_PIC = NO;
				GCC_NO_COMMON_BLOCKS = YES;
				GCC_OPTIMIZATION_LEVEL = 0;
				GCC_PREPROCESSOR_DEFINITIONS = (
					"DEBUG=1",
					"$(inherited)",
				);
				GCC_WARN_64_TO_32_BIT_CONVERSION = YES;
				GCC_WARN_ABOUT_RETURN_TYPE = YES_ERROR;
				GCC_WARN_UNDECLARED_SELECTOR = YES;
				GCC_WARN_UNINITIALIZED_AUTOS = YES_AGGRESSIVE;
				GCC_WARN_UNUSED_FUNCTION = YES;
				GCC_WARN_UNUSED_VARIABLE = YES;
				IPHONEOS_DEPLOYMENT_TARGET = 11.4;
				MTL_ENABLE_DEBUG_INFO = YES;
				ONLY_ACTIVE_ARCH = YES;
				SDKROOT = iphoneos;
				SWIFT_ACTIVE_COMPILATION_CONDITIONS = DEBUG;
				SWIFT_OPTIMIZATION_LEVEL = "-Onone";
			};
			name = Debug;
		};
		2A452C01214A632400FBA7AD /* Release */ = {
			isa = XCBuildConfiguration;
			buildSettings = {
				ALWAYS_SEARCH_USER_PATHS = NO;
				CLANG_ANALYZER_NONNULL = YES;
				CLANG_ANALYZER_NUMBER_OBJECT_CONVERSION = YES_AGGRESSIVE;
				CLANG_CXX_LANGUAGE_STANDARD = "gnu++14";
				CLANG_CXX_LIBRARY = "libc++";
				CLANG_ENABLE_MODULES = YES;
				CLANG_ENABLE_OBJC_ARC = YES;
				CLANG_ENABLE_OBJC_WEAK = YES;
				CLANG_WARN_BLOCK_CAPTURE_AUTORELEASING = YES;
				CLANG_WARN_BOOL_CONVERSION = YES;
				CLANG_WARN_COMMA = YES;
				CLANG_WARN_CONSTANT_CONVERSION = YES;
				CLANG_WARN_DEPRECATED_OBJC_IMPLEMENTATIONS = YES;
				CLANG_WARN_DIRECT_OBJC_ISA_USAGE = YES_ERROR;
				CLANG_WARN_DOCUMENTATION_COMMENTS = YES;
				CLANG_WARN_EMPTY_BODY = YES;
				CLANG_WARN_ENUM_CONVERSION = YES;
				CLANG_WARN_INFINITE_RECURSION = YES;
				CLANG_WARN_INT_CONVERSION = YES;
				CLANG_WARN_NON_LITERAL_NULL_CONVERSION = YES;
				CLANG_WARN_OBJC_IMPLICIT_RETAIN_SELF = YES;
				CLANG_WARN_OBJC_LITERAL_CONVERSION = YES;
				CLANG_WARN_OBJC_ROOT_CLASS = YES_ERROR;
				CLANG_WARN_RANGE_LOOP_ANALYSIS = YES;
				CLANG_WARN_STRICT_PROTOTYPES = YES;
				CLANG_WARN_SUSPICIOUS_MOVE = YES;
				CLANG_WARN_UNGUARDED_AVAILABILITY = YES_AGGRESSIVE;
				CLANG_WARN_UNREACHABLE_CODE = YES;
				CLANG_WARN__DUPLICATE_METHOD_MATCH = YES;
				CODE_SIGN_IDENTITY = "iPhone Developer";
				COPY_PHASE_STRIP = NO;
				DEBUG_INFORMATION_FORMAT = "dwarf-with-dsym";
				ENABLE_NS_ASSERTIONS = NO;
				ENABLE_STRICT_OBJC_MSGSEND = YES;
				GCC_C_LANGUAGE_STANDARD = gnu11;
				GCC_NO_COMMON_BLOCKS = YES;
				GCC_WARN_64_TO_32_BIT_CONVERSION = YES;
				GCC_WARN_ABOUT_RETURN_TYPE = YES_ERROR;
				GCC_WARN_UNDECLARED_SELECTOR = YES;
				GCC_WARN_UNINITIALIZED_AUTOS = YES_AGGRESSIVE;
				GCC_WARN_UNUSED_FUNCTION = YES;
				GCC_WARN_UNUSED_VARIABLE = YES;
				IPHONEOS_DEPLOYMENT_TARGET = 11.4;
				MTL_ENABLE_DEBUG_INFO = NO;
				SDKROOT = iphoneos;
				SWIFT_COMPILATION_MODE = wholemodule;
				SWIFT_OPTIMIZATION_LEVEL = "-O";
				VALIDATE_PRODUCT = YES;
			};
			name = Release;
		};
		2A452C03214A632400FBA7AD /* Debug */ = {
			isa = XCBuildConfiguration;
			buildSettings = {
				ASSETCATALOG_COMPILER_APPICON_NAME = AppIcon;
				CODE_SIGN_STYLE = Automatic;
				DEVELOPMENT_TEAM = 52P572D3WP;
				INFOPLIST_FILE = ZYCarouselView/Info.plist;
				IPHONEOS_DEPLOYMENT_TARGET = 9.0;
				LD_RUNPATH_SEARCH_PATHS = (
					"$(inherited)",
					"@executable_path/Frameworks",
				);
				PRODUCT_BUNDLE_IDENTIFIER = zy.ZYCarouselView;
				PRODUCT_NAME = "$(TARGET_NAME)";
				SWIFT_VERSION = 4.0;
				TARGETED_DEVICE_FAMILY = "1,2";
			};
			name = Debug;
		};
		2A452C04214A632400FBA7AD /* Release */ = {
			isa = XCBuildConfiguration;
			buildSettings = {
				ASSETCATALOG_COMPILER_APPICON_NAME = AppIcon;
				CODE_SIGN_STYLE = Automatic;
				DEVELOPMENT_TEAM = 52P572D3WP;
				INFOPLIST_FILE = ZYCarouselView/Info.plist;
				IPHONEOS_DEPLOYMENT_TARGET = 9.0;
				LD_RUNPATH_SEARCH_PATHS = (
					"$(inherited)",
					"@executable_path/Frameworks",
				);
				PRODUCT_BUNDLE_IDENTIFIER = zy.ZYCarouselView;
				PRODUCT_NAME = "$(TARGET_NAME)";
				SWIFT_VERSION = 4.0;
				TARGETED_DEVICE_FAMILY = "1,2";
			};
			name = Release;
		};
/* End XCBuildConfiguration section */

/* Begin XCConfigurationList section */
		2A452BEB214A632300FBA7AD /* Build configuration list for PBXProject "ZYCarouselView" */ = {
			isa = XCConfigurationList;
			buildConfigurations = (
				2A452C00214A632400FBA7AD /* Debug */,
				2A452C01214A632400FBA7AD /* Release */,
			);
			defaultConfigurationIsVisible = 0;
			defaultConfigurationName = Release;
		};
		2A452C02214A632400FBA7AD /* Build configuration list for PBXNativeTarget "ZYCarouselView" */ = {
			isa = XCConfigurationList;
			buildConfigurations = (
				2A452C03214A632400FBA7AD /* Debug */,
				2A452C04214A632400FBA7AD /* Release */,
			);
			defaultConfigurationIsVisible = 0;
			defaultConfigurationName = Release;
		};
/* End XCConfigurationList section */
	};
	rootObject = 2A452BE8214A632300FBA7AD /* Project object */;
}
